{
    "_meta": {
        "hash": {
            "sha256": "cd34b2228569c340507bb39da85580bd28cf62a9b7e808abf7259b94c92d58b0"
        },
        "pipfile-spec": 6,
        "requires": {
            "python_version": "3.7"
        },
        "sources": [
            {
                "name": "pypi",
                "url": "https://pypi.org/simple",
                "verify_ssl": true
            }
        ]
    },
    "default": {
        "orgparse": {
            "hashes": [
                "sha256:5b6c3012cf459b0201d42f58dd02da96beeed0913f64080f150b2666655b4d74",
                "sha256:5f3ef34198b7adc0f392808742e65779285896dd3de1ffb0aa20b751b9fc6e60"
            ],
            "index": "pypi",
            "version": "==0.2.4"
        }
    },
    "develop": {}
}
